
Microsoft Visual Studio Solution File, Format Version 12.00
# Visual Studio Version 17
VisualStudioVersion = 17.3.32922.545
MinimumVisualStudioVersion = 10.0.40219.1
Project("{FAE04EC0-301F-11D3-BF4B-00C04F79EFBC}") = "HesapMakinesi3", "HesapMakinesi3\HesapMakinesi3.csproj", "{52567EFA-65D9-4A33-A6C0-309027A5EC59}"
EndProject
Global
	GlobalSection(SolutionConfigurationPlatforms) = preSolution
		Debug|Any CPU = Debug|Any CPU
		Release|Any CPU = Release|Any CPU
	EndGlobalSection
	GlobalSection(ProjectConfigurationPlatforms) = postSolution
		{52567EFA-65D9-4A33-A6C0-309027A5EC59}.Debug|Any CPU.ActiveCfg = Debug|Any CPU
		{52567EFA-65D9-4A33-A6C0-309027A5EC59}.Debug|Any CPU.Build.0 = Debug|Any CPU
		{52567EFA-65D9-4A33-A6C0-309027A5EC59}.Release|Any CPU.ActiveCfg = Release|Any CPU
		{52567EFA-65D9-4A33-A6C0-309027A5EC59}.Release|Any CPU.Build.0 = Release|Any CPU
	EndGlobalSection
	GlobalSection(SolutionProperties) = preSolution
		HideSolutionNode = FALSE
	EndGlobalSection
	GlobalSection(ExtensibilityGlobals) = postSolution
		SolutionGuid = {982C5404-0B21-467D-ACE7-04E7DCCE84E5}
	EndGlobalSection
EndGlobal
